
Microsoft Visual Studio Solution File, Format Version 12.00
# Visual Studio 15
VisualStudioVersion = 15.0.27004.2002
MinimumVisualStudioVersion = 10.0.40219.1
Project("{FAE04EC0-301F-11D3-BF4B-00C04F79EFBC}") = "Lahoz.Core", "Lahoz.Core\Lahoz.Core.csproj", "{086592B7-42C6-4F4A-B66C-D4B2B17A9DAB}"
EndProject
Project("{FAE04EC0-301F-11D3-BF4B-00C04F79EFBC}") = "Lahoz.Web", "Lahoz.Web\Lahoz.Web.csproj", "{FADC69DB-57C1-4567-A780-39E55B65A10B}"
EndProject
Project("{FAE04EC0-301F-11D3-BF4B-00C04F79EFBC}") = "Lahoz.Admin", "Lahoz.Admin\Lahoz.Admin.csproj", "{7F337D11-5566-4BE8-B8CE-53DA3DEFBCF3}"
EndProject
Global
	GlobalSection(SolutionConfigurationPlatforms) = preSolution
		Debug|Any CPU = Debug|Any CPU
		Release|Any CPU = Release|Any CPU
	EndGlobalSection
	GlobalSection(ProjectConfigurationPlatforms) = postSolution
		{086592B7-42C6-4F4A-B66C-D4B2B17A9DAB}.Debug|Any CPU.ActiveCfg = Debug|Any CPU
		{086592B7-42C6-4F4A-B66C-D4B2B17A9DAB}.Debug|Any CPU.Build.0 = Debug|Any CPU
		{086592B7-42C6-4F4A-B66C-D4B2B17A9DAB}.Release|Any CPU.ActiveCfg = Release|Any CPU
		{086592B7-42C6-4F4A-B66C-D4B2B17A9DAB}.Release|Any CPU.Build.0 = Release|Any CPU
		{FADC69DB-57C1-4567-A780-39E55B65A10B}.Debug|Any CPU.ActiveCfg = Debug|Any CPU
		{FADC69DB-57C1-4567-A780-39E55B65A10B}.Debug|Any CPU.Build.0 = Debug|Any CPU
		{FADC69DB-57C1-4567-A780-39E55B65A10B}.Release|Any CPU.ActiveCfg = Release|Any CPU
		{FADC69DB-57C1-4567-A780-39E55B65A10B}.Release|Any CPU.Build.0 = Release|Any CPU
		{7F337D11-5566-4BE8-B8CE-53DA3DEFBCF3}.Debug|Any CPU.ActiveCfg = Debug|Any CPU
		{7F337D11-5566-4BE8-B8CE-53DA3DEFBCF3}.Debug|Any CPU.Build.0 = Debug|Any CPU
		{7F337D11-5566-4BE8-B8CE-53DA3DEFBCF3}.Release|Any CPU.ActiveCfg = Release|Any CPU
		{7F337D11-5566-4BE8-B8CE-53DA3DEFBCF3}.Release|Any CPU.Build.0 = Release|Any CPU
	EndGlobalSection
	GlobalSection(SolutionProperties) = preSolution
		HideSolutionNode = FALSE
	EndGlobalSection
	GlobalSection(ExtensibilityGlobals) = postSolution
		SolutionGuid = {13BD5F7A-3402-47E3-816A-7E6B6BD2DF29}
	EndGlobalSection
EndGlobal
